// !$*UTF8*$!
{
	archiveVersion = 1;
	classes = {
	};
	objectVersion = 50;
	objects = {

/* Begin PBXBuildFile section */
		DDB2761526AA06B60017D416 /* SFNetKit.framework in Frameworks */ = {isa = PBXBuildFile; fileRef = DDB2760C26AA024E0017D416 /* SFNetKit.framework */; };
		DDB2761626AA06B60017D416 /* SFNetKit.framework in Embed Frameworks */ = {isa = PBXBuildFile; fileRef = DDB2760C26AA024E0017D416 /* SFNetKit.framework */; settings = {ATTRIBUTES = (CodeSignOnCopy, RemoveHeadersOnCopy, ); }; };
		DDC2CA4026A9FFEC009FF016 /* SnorrifyApp.swift in Sources */ = {isa = PBXBuildFile; fileRef = DDC2CA3F26A9FFEC009FF016 /* SnorrifyApp.swift */; };
		DDC2CA4226A9FFEC009FF016 /* ContentView.swift in Sources */ = {isa = PBXBuildFile; fileRef = DDC2CA4126A9FFEC009FF016 /* ContentView.swift */; };
		DDC2CA4426A9FFED009FF016 /* Assets.xcassets in Resources */ = {isa = PBXBuildFile; fileRef = DDC2CA4326A9FFED009FF016 /* Assets.xcassets */; };
		DDC2CA4726A9FFED009FF016 /* Preview Assets.xcassets in Resources */ = {isa = PBXBuildFile; fileRef = DDC2CA4626A9FFED009FF016 /* Preview Assets.xcassets */; };
/* End PBXBuildFile section */

/* Begin PBXContainerItemProxy section */
		DD975C8126ADCF69000190BB /* PBXContainerItemProxy */ = {
			isa = PBXContainerItemProxy;
			containerPortal = DD975C7926ADCF69000190BB /* SFUIKit.xcodeproj */;
			proxyType = 2;
			remoteGlobalIDString = DD5EFFC726ADCD1800C42827;
			remoteInfo = SFUIKit;
		};
		DDB2760B26AA024E0017D416 /* PBXContainerItemProxy */ = {
			isa = PBXContainerItemProxy;
			containerPortal = DDB2760626AA024E0017D416 /* SFNetKit.xcodeproj */;
			proxyType = 2;
			remoteGlobalIDString = DDC0172826AA01A70048A949;
			remoteInfo = SFNetKit;
		};
		DDB2760D26AA024E0017D416 /* PBXContainerItemProxy */ = {
			isa = PBXContainerItemProxy;
			containerPortal = DDB2760626AA024E0017D416 /* SFNetKit.xcodeproj */;
			proxyType = 2;
			remoteGlobalIDString = DDC0173126AA01A70048A949;
			remoteInfo = SFNetKitTests;
		};
/* End PBXContainerItemProxy section */

/* Begin PBXCopyFilesBuildPhase section */
		DDB2761726AA06B60017D416 /* Embed Frameworks */ = {
			isa = PBXCopyFilesBuildPhase;
			buildActionMask = 2147483647;
			dstPath = "";
			dstSubfolderSpec = 10;
			files = (
				DDB2761626AA06B60017D416 /* SFNetKit.framework in Embed Frameworks */,
			);
			name = "Embed Frameworks";
			runOnlyForDeploymentPostprocessing = 0;
		};
/* End PBXCopyFilesBuildPhase section */

/* Begin PBXFileReference section */
		DD975C7926ADCF69000190BB /* SFUIKit.xcodeproj */ = {isa = PBXFileReference; lastKnownFileType = "wrapper.pb-project"; path = SFUIKit.xcodeproj; sourceTree = "<group>"; };
		DDB2760626AA024E0017D416 /* SFNetKit.xcodeproj */ = {isa = PBXFileReference; lastKnownFileType = "wrapper.pb-project"; path = SFNetKit.xcodeproj; sourceTree = "<group>"; };
		DDC2CA3C26A9FFEC009FF016 /* Snorrify.app */ = {isa = PBXFileReference; explicitFileType = wrapper.application; includeInIndex = 0; path = Snorrify.app; sourceTree = BUILT_PRODUCTS_DIR; };
		DDC2CA3F26A9FFEC009FF016 /* SnorrifyApp.swift */ = {isa = PBXFileReference; lastKnownFileType = sourcecode.swift; path = SnorrifyApp.swift; sourceTree = "<group>"; };
		DDC2CA4126A9FFEC009FF016 /* ContentView.swift */ = {isa = PBXFileReference; lastKnownFileType = sourcecode.swift; path = ContentView.swift; sourceTree = "<group>"; };
		DDC2CA4326A9FFED009FF016 /* Assets.xcassets */ = {isa = PBXFileReference; lastKnownFileType = folder.assetcatalog; path = Assets.xcassets; sourceTree = "<group>"; };
		DDC2CA4626A9FFED009FF016 /* Preview Assets.xcassets */ = {isa = PBXFileReference; lastKnownFileType = folder.assetcatalog; path = "Preview Assets.xcassets"; sourceTree = "<group>"; };
		DDC2CA4826A9FFED009FF016 /* Info.plist */ = {isa = PBXFileReference; lastKnownFileType = text.plist.xml; path = Info.plist; sourceTree = "<group>"; };
/* End PBXFileReference section */

/* Begin PBXFrameworksBuildPhase section */
		DDC2CA3926A9FFEC009FF016 /* Frameworks */ = {
			isa = PBXFrameworksBuildPhase;
			buildActionMask = 2147483647;
			files = (
				DDB2761526AA06B60017D416 /* SFNetKit.framework in Frameworks */,
			);
			runOnlyForDeploymentPostprocessing = 0;
		};
/* End PBXFrameworksBuildPhase section */

/* Begin PBXGroup section */
		DD975C7826ADCF69000190BB /* SFUIKit */ = {
			isa = PBXGroup;
			children = (
				DD975C7926ADCF69000190BB /* SFUIKit.xcodeproj */,
			);
			path = SFUIKit;
			sourceTree = "<group>";
		};
		DD975C7A26ADCF69000190BB /* Products */ = {
			isa = PBXGroup;
			children = (
				DD975C8226ADCF69000190BB /* SFUIKit.framework */,
			);
			name = Products;
			sourceTree = "<group>";
		};
		DDB2760726AA024E0017D416 /* Products */ = {
			isa = PBXGroup;
			children = (
				DDB2760C26AA024E0017D416 /* SFNetKit.framework */,
				DDB2760E26AA024E0017D416 /* SFNetKitTests.xctest */,
			);
			name = Products;
			sourceTree = "<group>";
		};
		DDC0171A26AA01170048A949 /* Frameworks */ = {
			isa = PBXGroup;
			children = (
				DD975C7826ADCF69000190BB /* SFUIKit */,
				DDC0171B26AA01170048A949 /* SFNetKit */,
			);
			path = Frameworks;
			sourceTree = "<group>";
		};
		DDC0171B26AA01170048A949 /* SFNetKit */ = {
			isa = PBXGroup;
			children = (
				DDB2760626AA024E0017D416 /* SFNetKit.xcodeproj */,
			);
			path = SFNetKit;
			sourceTree = "<group>";
		};
		DDC2CA3326A9FFEC009FF016 = {
			isa = PBXGroup;
			children = (
				DDC2CA3E26A9FFEC009FF016 /* Snorrify */,
				DDC0171A26AA01170048A949 /* Frameworks */,
				DDC2CA3D26A9FFEC009FF016 /* Products */,
			);
			sourceTree = "<group>";
		};
		DDC2CA3D26A9FFEC009FF016 /* Products */ = {
			isa = PBXGroup;
			children = (
				DDC2CA3C26A9FFEC009FF016 /* Snorrify.app */,
			);
			name = Products;
			sourceTree = "<group>";
		};
		DDC2CA3E26A9FFEC009FF016 /* Snorrify */ = {
			isa = PBXGroup;
			children = (
				DDC2CA3F26A9FFEC009FF016 /* SnorrifyApp.swift */,
				DDC2CA4126A9FFEC009FF016 /* ContentView.swift */,
				DDC2CA4326A9FFED009FF016 /* Assets.xcassets */,
				DDC2CA4826A9FFED009FF016 /* Info.plist */,
				DDC2CA4526A9FFED009FF016 /* Preview Content */,
			);
			path = Snorrify;
			sourceTree = "<group>";
		};
		DDC2CA4526A9FFED009FF016 /* Preview Content */ = {
			isa = PBXGroup;
			children = (
				DDC2CA4626A9FFED009FF016 /* Preview Assets.xcassets */,
			);
			path = "Preview Content";
			sourceTree = "<group>";
		};
/* End PBXGroup section */

/* Begin PBXNativeTarget section */
		DDC2CA3B26A9FFEC009FF016 /* Snorrify */ = {
			isa = PBXNativeTarget;
			buildConfigurationList = DDC2CA4B26A9FFED009FF016 /* Build configuration list for PBXNativeTarget "Snorrify" */;
			buildPhases = (
				DDC2CA3826A9FFEC009FF016 /* Sources */,
				DDC2CA3926A9FFEC009FF016 /* Frameworks */,
				DDC2CA3A26A9FFEC009FF016 /* Resources */,
				DDB2761726AA06B60017D416 /* Embed Frameworks */,
			);
			buildRules = (
			);
			dependencies = (
			);
			name = Snorrify;
			productName = Snorrify;
			productReference = DDC2CA3C26A9FFEC009FF016 /* Snorrify.app */;
			productType = "com.apple.product-type.application";
		};
/* End PBXNativeTarget section */

/* Begin PBXProject section */
		DDC2CA3426A9FFEC009FF016 /* Project object */ = {
			isa = PBXProject;
			attributes = {
				LastSwiftUpdateCheck = 1250;
				LastUpgradeCheck = 1250;
				ORGANIZATIONNAME = "Ivan Shokurov";
				TargetAttributes = {
					DDC2CA3B26A9FFEC009FF016 = {
						CreatedOnToolsVersion = 12.5;
					};
				};
			};
			buildConfigurationList = DDC2CA3726A9FFEC009FF016 /* Build configuration list for PBXProject "Snorrify" */;
			compatibilityVersion = "Xcode 9.3";
			developmentRegion = en;
			hasScannedForEncodings = 0;
			knownRegions = (
				en,
				Base,
			);
			mainGroup = DDC2CA3326A9FFEC009FF016;
			productRefGroup = DDC2CA3D26A9FFEC009FF016 /* Products */;
			projectDirPath = "";
			projectReferences = (
				{
					ProductGroup = DDB2760726AA024E0017D416 /* Products */;
					ProjectRef = DDB2760626AA024E0017D416 /* SFNetKit.xcodeproj */;
				},
				{
					ProductGroup = DD975C7A26ADCF69000190BB /* Products */;
					ProjectRef = DD975C7926ADCF69000190BB /* SFUIKit.xcodeproj */;
				},
			);
			projectRoot = "";
			targets = (
				DDC2CA3B26A9FFEC009FF016 /* Snorrify */,
			);
		};
/* End PBXProject section */

/* Begin PBXReferenceProxy section */
		DD975C8226ADCF69000190BB /* SFUIKit.framework */ = {
			isa = PBXReferenceProxy;
			fileType = wrapper.framework;
			path = SFUIKit.framework;
			remoteRef = DD975C8126ADCF69000190BB /* PBXContainerItemProxy */;
			sourceTree = BUILT_PRODUCTS_DIR;
		};
		DDB2760C26AA024E0017D416 /* SFNetKit.framework */ = {
			isa = PBXReferenceProxy;
			fileType = wrapper.framework;
			path = SFNetKit.framework;
			remoteRef = DDB2760B26AA024E0017D416 /* PBXContainerItemProxy */;
			sourceTree = BUILT_PRODUCTS_DIR;
		};
		DDB2760E26AA024E0017D416 /* SFNetKitTests.xctest */ = {
			isa = PBXReferenceProxy;
			fileType = wrapper.cfbundle;
			path = SFNetKitTests.xctest;
			remoteRef = DDB2760D26AA024E0017D416 /* PBXContainerItemProxy */;
			sourceTree = BUILT_PRODUCTS_DIR;
		};
/* End PBXReferenceProxy section */

/* Begin PBXResourcesBuildPhase section */
		DDC2CA3A26A9FFEC009FF016 /* Resources */ = {
			isa = PBXResourcesBuildPhase;
			buildActionMask = 2147483647;
			files = (
				DDC2CA4726A9FFED009FF016 /* Preview Assets.xcassets in Resources */,
				DDC2CA4426A9FFED009FF016 /* Assets.xcassets in Resources */,
			);
			runOnlyForDeploymentPostprocessing = 0;
		};
/* End PBXResourcesBuildPhase section */

/* Begin PBXSourcesBuildPhase section */
		DDC2CA3826A9FFEC009FF016 /* Sources */ = {
			isa = PBXSourcesBuildPhase;
			buildActionMask = 2147483647;
			files = (
				DDC2CA4226A9FFEC009FF016 /* ContentView.swift in Sources */,
				DDC2CA4026A9FFEC009FF016 /* SnorrifyApp.swift in Sources */,
			);
			runOnlyForDeploymentPostprocessing = 0;
		};
/* End PBXSourcesBuildPhase section */

/* Begin XCBuildConfiguration section */
		DDC2CA4926A9FFED009FF016 /* Debug */ = {
			isa = XCBuildConfiguration;
			buildSettings = {
				ALWAYS_SEARCH_USER_PATHS = NO;
				CLANG_ANALYZER_NONNULL = YES;
				CLANG_ANALYZER_NUMBER_OBJECT_CONVERSION = YES_AGGRESSIVE;
				CLANG_CXX_LANGUAGE_STANDARD = "gnu++14";
				CLANG_CXX_LIBRARY = "libc++";
				CLANG_ENABLE_MODULES = YES;
				CLANG_ENABLE_OBJC_ARC = YES;
				CLANG_ENABLE_OBJC_WEAK = YES;
				CLANG_WARN_BLOCK_CAPTURE_AUTORELEASING = YES;
				CLANG_WARN_BOOL_CONVERSION = YES;
				CLANG_WARN_COMMA = YES;
				CLANG_WARN_CONSTANT_CONVERSION = YES;
				CLANG_WARN_DEPRECATED_OBJC_IMPLEMENTATIONS = YES;
				CLANG_WARN_DIRECT_OBJC_ISA_USAGE = YES_ERROR;
				CLANG_WARN_DOCUMENTATION_COMMENTS = YES;
				CLANG_WARN_EMPTY_BODY = YES;
				CLANG_WARN_ENUM_CONVERSION = YES;
				CLANG_WARN_INFINITE_RECURSION = YES;
				CLANG_WARN_INT_CONVERSION = YES;
				CLANG_WARN_NON_LITERAL_NULL_CONVERSION = YES;
				CLANG_WARN_OBJC_IMPLICIT_RETAIN_SELF = YES;
				CLANG_WARN_OBJC_LITERAL_CONVERSION = YES;
				CLANG_WARN_OBJC_ROOT_CLASS = YES_ERROR;
				CLANG_WARN_QUOTED_INCLUDE_IN_FRAMEWORK_HEADER = YES;
				CLANG_WARN_RANGE_LOOP_ANALYSIS = YES;
				CLANG_WARN_STRICT_PROTOTYPES = YES;
				CLANG_WARN_SUSPICIOUS_MOVE = YES;
				CLANG_WARN_UNGUARDED_AVAILABILITY = YES_AGGRESSIVE;
				CLANG_WARN_UNREACHABLE_CODE = YES;
				CLANG_WARN__DUPLICATE_METHOD_MATCH = YES;
				COPY_PHASE_STRIP = NO;
				DEBUG_INFORMATION_FORMAT = dwarf;
				ENABLE_STRICT_OBJC_MSGSEND = YES;
				ENABLE_TESTABILITY = YES;
				GCC_C_LANGUAGE_STANDARD = gnu11;
				GCC_DYNAMIC_NO_PIC = NO;
				GCC_NO_COMMON_BLOCKS = YES;
				GCC_OPTIMIZATION_LEVEL = 0;
				GCC_PREPROCESSOR_DEFINITIONS = (
					"DEBUG=1",
					"$(inherited)",
				);
				GCC_WARN_64_TO_32_BIT_CONVERSION = YES;
				GCC_WARN_ABOUT_RETURN_TYPE = YES_ERROR;
				GCC_WARN_UNDECLARED_SELECTOR = YES;
				GCC_WARN_UNINITIALIZED_AUTOS = YES_AGGRESSIVE;
				GCC_WARN_UNUSED_FUNCTION = YES;
				GCC_WARN_UNUSED_VARIABLE = YES;
				IPHONEOS_DEPLOYMENT_TARGET = 14.5;
				MTL_ENABLE_DEBUG_INFO = INCLUDE_SOURCE;
				MTL_FAST_MATH = YES;
				ONLY_ACTIVE_ARCH = YES;
				SDKROOT = iphoneos;
				SWIFT_ACTIVE_COMPILATION_CONDITIONS = DEBUG;
				SWIFT_OPTIMIZATION_LEVEL = "-Onone";
			};
			name = Debug;
		};
		DDC2CA4A26A9FFED009FF016 /* Release */ = {
			isa = XCBuildConfiguration;
			buildSettings = {
				ALWAYS_SEARCH_USER_PATHS = NO;
				CLANG_ANALYZER_NONNULL = YES;
				CLANG_ANALYZER_NUMBER_OBJECT_CONVERSION = YES_AGGRESSIVE;
				CLANG_CXX_LANGUAGE_STANDARD = "gnu++14";
				CLANG_CXX_LIBRARY = "libc++";
				CLANG_ENABLE_MODULES = YES;
				CLANG_ENABLE_OBJC_ARC = YES;
				CLANG_ENABLE_OBJC_WEAK = YES;
				CLANG_WARN_BLOCK_CAPTURE_AUTORELEASING = YES;
				CLANG_WARN_BOOL_CONVERSION = YES;
				CLANG_WARN_COMMA = YES;
				CLANG_WARN_CONSTANT_CONVERSION = YES;
				CLANG_WARN_DEPRECATED_OBJC_IMPLEMENTATIONS = YES;
				CLANG_WARN_DIRECT_OBJC_ISA_USAGE = YES_ERROR;
				CLANG_WARN_DOCUMENTATION_COMMENTS = YES;
				CLANG_WARN_EMPTY_BODY = YES;
				CLANG_WARN_ENUM_CONVERSION = YES;
				CLANG_WARN_INFINITE_RECURSION = YES;
				CLANG_WARN_INT_CONVERSION = YES;
				CLANG_WARN_NON_LITERAL_NULL_CONVERSION = YES;
				CLANG_WARN_OBJC_IMPLICIT_RETAIN_SELF = YES;
				CLANG_WARN_OBJC_LITERAL_CONVERSION = YES;
				CLANG_WARN_OBJC_ROOT_CLASS = YES_ERROR;
				CLANG_WARN_QUOTED_INCLUDE_IN_FRAMEWORK_HEADER = YES;
				CLANG_WARN_RANGE_LOOP_ANALYSIS = YES;
				CLANG_WARN_STRICT_PROTOTYPES = YES;
				CLANG_WARN_SUSPICIOUS_MOVE = YES;
				CLANG_WARN_UNGUARDED_AVAILABILITY = YES_AGGRESSIVE;
				CLANG_WARN_UNREACHABLE_CODE = YES;
				CLANG_WARN__DUPLICATE_METHOD_MATCH = YES;
				COPY_PHASE_STRIP = NO;
				DEBUG_INFORMATION_FORMAT = "dwarf-with-dsym";
				ENABLE_NS_ASSERTIONS = NO;
				ENABLE_STRICT_OBJC_MSGSEND = YES;
				GCC_C_LANGUAGE_STANDARD = gnu11;
				GCC_NO_COMMON_BLOCKS = YES;
				GCC_WARN_64_TO_32_BIT_CONVERSION = YES;
				GCC_WARN_ABOUT_RETURN_TYPE = YES_ERROR;
				GCC_WARN_UNDECLARED_SELECTOR = YES;
				GCC_WARN_UNINITIALIZED_AUTOS = YES_AGGRESSIVE;
				GCC_WARN_UNUSED_FUNCTION = YES;
				GCC_WARN_UNUSED_VARIABLE = YES;
				IPHONEOS_DEPLOYMENT_TARGET = 14.5;
				MTL_ENABLE_DEBUG_INFO = NO;
				MTL_FAST_MATH = YES;
				SDKROOT = iphoneos;
				SWIFT_COMPILATION_MODE = wholemodule;
				SWIFT_OPTIMIZATION_LEVEL = "-O";
				VALIDATE_PRODUCT = YES;
			};
			name = Release;
		};
		DDC2CA4C26A9FFED009FF016 /* Debug */ = {
			isa = XCBuildConfiguration;
			buildSettings = {
				ASSETCATALOG_COMPILER_APPICON_NAME = AppIcon;
				ASSETCATALOG_COMPILER_GLOBAL_ACCENT_COLOR_NAME = AccentColor;
				CODE_SIGN_STYLE = Automatic;
				DEVELOPMENT_ASSET_PATHS = "\"Snorrify/Preview Content\"";
				DEVELOPMENT_TEAM = QSL98J665M;
				ENABLE_PREVIEWS = YES;
				INFOPLIST_FILE = Snorrify/Info.plist;
				IPHONEOS_DEPLOYMENT_TARGET = 14.0;
				LD_RUNPATH_SEARCH_PATHS = (
					"$(inherited)",
					"@executable_path/Frameworks",
				);
				PRODUCT_BUNDLE_IDENTIFIER = io.shokuroff.Snorrify;
				PRODUCT_NAME = "$(TARGET_NAME)";
				SWIFT_VERSION = 5.0;
				TARGETED_DEVICE_FAMILY = "1,2";
			};
			name = Debug;
		};
		DDC2CA4D26A9FFED009FF016 /* Release */ = {
			isa = XCBuildConfiguration;
			buildSettings = {
				ASSETCATALOG_COMPILER_APPICON_NAME = AppIcon;
				ASSETCATALOG_COMPILER_GLOBAL_ACCENT_COLOR_NAME = AccentColor;
				CODE_SIGN_STYLE = Automatic;
				DEVELOPMENT_ASSET_PATHS = "\"Snorrify/Preview Content\"";
				DEVELOPMENT_TEAM = QSL98J665M;
				ENABLE_PREVIEWS = YES;
				INFOPLIST_FILE = Snorrify/Info.plist;
				IPHONEOS_DEPLOYMENT_TARGET = 14.0;
				LD_RUNPATH_SEARCH_PATHS = (
					"$(inherited)",
					"@executable_path/Frameworks",
				);
				PRODUCT_BUNDLE_IDENTIFIER = io.shokuroff.Snorrify;
				PRODUCT_NAME = "$(TARGET_NAME)";
				SWIFT_VERSION = 5.0;
				TARGETED_DEVICE_FAMILY = "1,2";
			};
			name = Release;
		};
/* End XCBuildConfiguration section */

/* Begin XCConfigurationList section */
		DDC2CA3726A9FFEC009FF016 /* Build configuration list for PBXProject "Snorrify" */ = {
			isa = XCConfigurationList;
			buildConfigurations = (
				DDC2CA4926A9FFED009FF016 /* Debug */,
				DDC2CA4A26A9FFED009FF016 /* Release */,
			);
			defaultConfigurationIsVisible = 0;
			defaultConfigurationName = Release;
		};
		DDC2CA4B26A9FFED009FF016 /* Build configuration list for PBXNativeTarget "Snorrify" */ = {
			isa = XCConfigurationList;
			buildConfigurations = (
				DDC2CA4C26A9FFED009FF016 /* Debug */,
				DDC2CA4D26A9FFED009FF016 /* Release */,
			);
			defaultConfigurationIsVisible = 0;
			defaultConfigurationName = Release;
		};
/* End XCConfigurationList section */
	};
	rootObject = DDC2CA3426A9FFEC009FF016 /* Project object */;
}
