// !$*UTF8*$!
{
	archiveVersion = 1;
	classes = {
	};
	objectVersion = 50;
	objects = {

/* Begin PBXBuildFile section */
		DD06CC6F26B91439009FDCF2 /* NounView.swift in Sources */ = {isa = PBXBuildFile; fileRef = DD06CC6E26B91439009FDCF2 /* NounView.swift */; };
		DD06CC7726B9188A009FDCF2 /* NounViewModel.swift in Sources */ = {isa = PBXBuildFile; fileRef = DD06CC7626B9188A009FDCF2 /* NounViewModel.swift */; };
		DD06CC7926B918A0009FDCF2 /* NounTextManager.swift in Sources */ = {isa = PBXBuildFile; fileRef = DD06CC7826B918A0009FDCF2 /* NounTextManager.swift */; };
		DD06CC7B26B9234D009FDCF2 /* NounViewTab.swift in Sources */ = {isa = PBXBuildFile; fileRef = DD06CC7A26B9234D009FDCF2 /* NounViewTab.swift */; };
		DD0C8D0126AFC326002807D9 /* Localizable.strings in Resources */ = {isa = PBXBuildFile; fileRef = DD0C8D0326AFC326002807D9 /* Localizable.strings */; };
		DD0C8D0626AFC4DE002807D9 /* String+Extension.swift in Sources */ = {isa = PBXBuildFile; fileRef = DD0C8D0526AFC4DE002807D9 /* String+Extension.swift */; };
		DD0C8D0A26AFE1D5002807D9 /* LocalizationKey.swift in Sources */ = {isa = PBXBuildFile; fileRef = DD0C8D0926AFE1D5002807D9 /* LocalizationKey.swift */; };
		DD0C8D0C26AFE208002807D9 /* LocalizationStringConvertible.swift in Sources */ = {isa = PBXBuildFile; fileRef = DD0C8D0B26AFE208002807D9 /* LocalizationStringConvertible.swift */; };
		DD0C8D1626AFF2C6002807D9 /* SnorrifyTests.swift in Sources */ = {isa = PBXBuildFile; fileRef = DD0C8D1526AFF2C6002807D9 /* SnorrifyTests.swift */; };
		DD0C8D1D26AFF2CF002807D9 /* LocalizationTests.swift in Sources */ = {isa = PBXBuildFile; fileRef = DD0C8D0D26AFF16B002807D9 /* LocalizationTests.swift */; };
		DD11226E26B405C500D55671 /* WordClass.swift in Sources */ = {isa = PBXBuildFile; fileRef = DD11226D26B405C500D55671 /* WordClass.swift */; };
		DD11227126B40AFD00D55671 /* ResponseTests.swift in Sources */ = {isa = PBXBuildFile; fileRef = DD11227026B40AFD00D55671 /* ResponseTests.swift */; };
		DD11227326B4139400D55671 /* Gender.swift in Sources */ = {isa = PBXBuildFile; fileRef = DD11227226B4139400D55671 /* Gender.swift */; };
		DD11227526B41C5E00D55671 /* InflectionalForm.swift in Sources */ = {isa = PBXBuildFile; fileRef = DD11227426B41C5E00D55671 /* InflectionalForm.swift */; };
		DD11227726B41FB100D55671 /* Number.swift in Sources */ = {isa = PBXBuildFile; fileRef = DD11227626B41FB100D55671 /* Number.swift */; };
		DD11227B26B4203300D55671 /* ModelTests.swift in Sources */ = {isa = PBXBuildFile; fileRef = DD11227A26B4203300D55671 /* ModelTests.swift */; };
		DD11227D26B4217100D55671 /* GrammarCase.swift in Sources */ = {isa = PBXBuildFile; fileRef = DD11227C26B4217100D55671 /* GrammarCase.swift */; };
		DD11227F26B4288500D55671 /* DefiniteArticle.swift in Sources */ = {isa = PBXBuildFile; fileRef = DD11227E26B4288500D55671 /* DefiniteArticle.swift */; };
		DD11228126B42BA600D55671 /* AdjectiveDegree.swift in Sources */ = {isa = PBXBuildFile; fileRef = DD11228026B42BA600D55671 /* AdjectiveDegree.swift */; };
		DD11228326B42E9700D55671 /* Conjugation.swift in Sources */ = {isa = PBXBuildFile; fileRef = DD11228226B42E9700D55671 /* Conjugation.swift */; };
		DD11228526B4336B00D55671 /* Tense.swift in Sources */ = {isa = PBXBuildFile; fileRef = DD11228426B4336B00D55671 /* Tense.swift */; };
		DD11228726B4364100D55671 /* VerbVoice.swift in Sources */ = {isa = PBXBuildFile; fileRef = DD11228626B4364100D55671 /* VerbVoice.swift */; };
		DD11228926B4396100D55671 /* VerbMood.swift in Sources */ = {isa = PBXBuildFile; fileRef = DD11228826B4396100D55671 /* VerbMood.swift */; };
		DD11228B26B43AFB00D55671 /* Person.swift in Sources */ = {isa = PBXBuildFile; fileRef = DD11228A26B43AFB00D55671 /* Person.swift */; };
		DD11228D26B43B1D00D55671 /* GrammarEnum.swift in Sources */ = {isa = PBXBuildFile; fileRef = DD11228C26B43B1D00D55671 /* GrammarEnum.swift */; };
		DD11228F26B4455600D55671 /* SearchItemFormResponse.swift in Sources */ = {isa = PBXBuildFile; fileRef = DD11228E26B4455600D55671 /* SearchItemFormResponse.swift */; };
		DD11229126B44F5600D55671 /* UIApplication+Extension.swift in Sources */ = {isa = PBXBuildFile; fileRef = DD11229026B44F5600D55671 /* UIApplication+Extension.swift */; };
		DD1C5FDF26B3F1BD00E0A11C /* SearchItemResponse.swift in Sources */ = {isa = PBXBuildFile; fileRef = DD1C5FDE26B3F1BD00E0A11C /* SearchItemResponse.swift */; };
		DD1C5FE526B3F1E500E0A11C /* TypeAliases.swift in Sources */ = {isa = PBXBuildFile; fileRef = DD1C5FE426B3F1E500E0A11C /* TypeAliases.swift */; };
		DD6D29F226B1BA2200E73C93 /* SearchViewModel.swift in Sources */ = {isa = PBXBuildFile; fileRef = DD6D29F126B1BA2200E73C93 /* SearchViewModel.swift */; };
		DD6D29F626B1BA3100E73C93 /* SearchModel.swift in Sources */ = {isa = PBXBuildFile; fileRef = DD6D29F526B1BA3100E73C93 /* SearchModel.swift */; };
		DD6D29F826B1BA3800E73C93 /* SearchViewState.swift in Sources */ = {isa = PBXBuildFile; fileRef = DD6D29F726B1BA3800E73C93 /* SearchViewState.swift */; };
		DD6D2A0826B26E3300E73C93 /* SearchTextManager.swift in Sources */ = {isa = PBXBuildFile; fileRef = DD6D2A0726B26E3300E73C93 /* SearchTextManager.swift */; };
		DD6D2A0B26B2A63000E73C93 /* SearchBarView.swift in Sources */ = {isa = PBXBuildFile; fileRef = DD6D2A0A26B2A63000E73C93 /* SearchBarView.swift */; };
		DD6D2A0D26B2A63800E73C93 /* SearchBarViewDelegate.swift in Sources */ = {isa = PBXBuildFile; fileRef = DD6D2A0C26B2A63800E73C93 /* SearchBarViewDelegate.swift */; };
		DD79A8FB26B6D4E4002593F7 /* NetworkError+Extension.swift in Sources */ = {isa = PBXBuildFile; fileRef = DD79A8FA26B6D4E4002593F7 /* NetworkError+Extension.swift */; };
		DDB2761526AA06B60017D416 /* SFNetKit.framework in Frameworks */ = {isa = PBXBuildFile; fileRef = DDB2760C26AA024E0017D416 /* SFNetKit.framework */; };
		DDB2761626AA06B60017D416 /* SFNetKit.framework in Embed Frameworks */ = {isa = PBXBuildFile; fileRef = DDB2760C26AA024E0017D416 /* SFNetKit.framework */; settings = {ATTRIBUTES = (CodeSignOnCopy, RemoveHeadersOnCopy, ); }; };
		DDC2CA4026A9FFEC009FF016 /* SnorrifyApp.swift in Sources */ = {isa = PBXBuildFile; fileRef = DDC2CA3F26A9FFEC009FF016 /* SnorrifyApp.swift */; };
		DDC2CA4226A9FFEC009FF016 /* MainView.swift in Sources */ = {isa = PBXBuildFile; fileRef = DDC2CA4126A9FFEC009FF016 /* MainView.swift */; };
		DDC2CA4426A9FFED009FF016 /* Assets.xcassets in Resources */ = {isa = PBXBuildFile; fileRef = DDC2CA4326A9FFED009FF016 /* Assets.xcassets */; };
		DDC2CA4726A9FFED009FF016 /* Preview Assets.xcassets in Resources */ = {isa = PBXBuildFile; fileRef = DDC2CA4626A9FFED009FF016 /* Preview Assets.xcassets */; };
		DDCA906126B452B90019CCD9 /* ResultsView.swift in Sources */ = {isa = PBXBuildFile; fileRef = DDCA906026B452B90019CCD9 /* ResultsView.swift */; };
		DDCA906726B452C30019CCD9 /* ResultsViewModel.swift in Sources */ = {isa = PBXBuildFile; fileRef = DDCA906626B452C30019CCD9 /* ResultsViewModel.swift */; };
		DDCA906926B452CA0019CCD9 /* ResultsModel.swift in Sources */ = {isa = PBXBuildFile; fileRef = DDCA906826B452CA0019CCD9 /* ResultsModel.swift */; };
		DDCA906C26B452E50019CCD9 /* ResultsTextManager.swift in Sources */ = {isa = PBXBuildFile; fileRef = DDCA906B26B452E50019CCD9 /* ResultsTextManager.swift */; };
		DDCA906E26B456FF0019CCD9 /* ResultsViewState.swift in Sources */ = {isa = PBXBuildFile; fileRef = DDCA906D26B456FF0019CCD9 /* ResultsViewState.swift */; };
		DDCF6A6D26B9748100145C31 /* VerbView.swift in Sources */ = {isa = PBXBuildFile; fileRef = DDCF6A6C26B9748100145C31 /* VerbView.swift */; };
		DDCF6A7226B9749A00145C31 /* VerbViewModel.swift in Sources */ = {isa = PBXBuildFile; fileRef = DDCF6A7126B9749A00145C31 /* VerbViewModel.swift */; };
		DDCF6A7426B9749F00145C31 /* VerbTextManager.swift in Sources */ = {isa = PBXBuildFile; fileRef = DDCF6A7326B9749F00145C31 /* VerbTextManager.swift */; };
		DDCF6A7626B974F000145C31 /* VerbViewCategory.swift in Sources */ = {isa = PBXBuildFile; fileRef = DDCF6A7526B974F000145C31 /* VerbViewCategory.swift */; };
		DDCF6A7826B97EC100145C31 /* VerbModel.swift in Sources */ = {isa = PBXBuildFile; fileRef = DDCF6A7726B97EC100145C31 /* VerbModel.swift */; };
		DDDAA9C626B1425C0036D43A /* MainTextManager.swift in Sources */ = {isa = PBXBuildFile; fileRef = DDDAA9C526B1425C0036D43A /* MainTextManager.swift */; };
		DDDAA9C826B142620036D43A /* MainViewModel.swift in Sources */ = {isa = PBXBuildFile; fileRef = DDDAA9C726B142620036D43A /* MainViewModel.swift */; };
		DDDAA9CC26B142A30036D43A /* MainViewTab.swift in Sources */ = {isa = PBXBuildFile; fileRef = DDDAA9CB26B142A30036D43A /* MainViewTab.swift */; };
		DDDAA9DF26B14B6E0036D43A /* AppConfiguration.swift in Sources */ = {isa = PBXBuildFile; fileRef = DDDAA9DE26B14B6E0036D43A /* AppConfiguration.swift */; };
		DDDAA9E826B18D760036D43A /* SFUIKit.framework in Frameworks */ = {isa = PBXBuildFile; fileRef = DD975C8226ADCF69000190BB /* SFUIKit.framework */; };
		DDDAA9E926B18D760036D43A /* SFUIKit.framework in Embed Frameworks */ = {isa = PBXBuildFile; fileRef = DD975C8226ADCF69000190BB /* SFUIKit.framework */; settings = {ATTRIBUTES = (CodeSignOnCopy, RemoveHeadersOnCopy, ); }; };
		DDDAA9ED26B18EBA0036D43A /* MainModel.swift in Sources */ = {isa = PBXBuildFile; fileRef = DDDAA9EC26B18EBA0036D43A /* MainModel.swift */; };
		DDDAA9EF26B192710036D43A /* SearchView.swift in Sources */ = {isa = PBXBuildFile; fileRef = DDDAA9EE26B192710036D43A /* SearchView.swift */; };
		DDDAA9F126B192880036D43A /* FavoritesView.swift in Sources */ = {isa = PBXBuildFile; fileRef = DDDAA9F026B192880036D43A /* FavoritesView.swift */; };
		DDDAA9F326B1928C0036D43A /* SettingsView.swift in Sources */ = {isa = PBXBuildFile; fileRef = DDDAA9F226B1928C0036D43A /* SettingsView.swift */; };
/* End PBXBuildFile section */

/* Begin PBXContainerItemProxy section */
		DD0C8D1826AFF2C6002807D9 /* PBXContainerItemProxy */ = {
			isa = PBXContainerItemProxy;
			containerPortal = DDC2CA3426A9FFEC009FF016 /* Project object */;
			proxyType = 1;
			remoteGlobalIDString = DDC2CA3B26A9FFEC009FF016;
			remoteInfo = Snorrify;
		};
		DD975C8126ADCF69000190BB /* PBXContainerItemProxy */ = {
			isa = PBXContainerItemProxy;
			containerPortal = DD975C7926ADCF69000190BB /* SFUIKit.xcodeproj */;
			proxyType = 2;
			remoteGlobalIDString = DD5EFFC726ADCD1800C42827;
			remoteInfo = SFUIKit;
		};
		DDB2760B26AA024E0017D416 /* PBXContainerItemProxy */ = {
			isa = PBXContainerItemProxy;
			containerPortal = DDB2760626AA024E0017D416 /* SFNetKit.xcodeproj */;
			proxyType = 2;
			remoteGlobalIDString = DDC0172826AA01A70048A949;
			remoteInfo = SFNetKit;
		};
		DDB2760D26AA024E0017D416 /* PBXContainerItemProxy */ = {
			isa = PBXContainerItemProxy;
			containerPortal = DDB2760626AA024E0017D416 /* SFNetKit.xcodeproj */;
			proxyType = 2;
			remoteGlobalIDString = DDC0173126AA01A70048A949;
			remoteInfo = SFNetKitTests;
		};
		DDDAA9E126B14B6F0036D43A /* PBXContainerItemProxy */ = {
			isa = PBXContainerItemProxy;
			containerPortal = DD975C7926ADCF69000190BB /* SFUIKit.xcodeproj */;
			proxyType = 2;
			remoteGlobalIDString = DDDAA9D126B145830036D43A;
			remoteInfo = SFUIKitTests;
		};
/* End PBXContainerItemProxy section */

/* Begin PBXCopyFilesBuildPhase section */
		DDB2761726AA06B60017D416 /* Embed Frameworks */ = {
			isa = PBXCopyFilesBuildPhase;
			buildActionMask = 2147483647;
			dstPath = "";
			dstSubfolderSpec = 10;
			files = (
				DDDAA9E926B18D760036D43A /* SFUIKit.framework in Embed Frameworks */,
				DDB2761626AA06B60017D416 /* SFNetKit.framework in Embed Frameworks */,
			);
			name = "Embed Frameworks";
			runOnlyForDeploymentPostprocessing = 0;
		};
/* End PBXCopyFilesBuildPhase section */

/* Begin PBXFileReference section */
		DD06CC6E26B91439009FDCF2 /* NounView.swift */ = {isa = PBXFileReference; lastKnownFileType = sourcecode.swift; path = NounView.swift; sourceTree = "<group>"; };
		DD06CC7626B9188A009FDCF2 /* NounViewModel.swift */ = {isa = PBXFileReference; lastKnownFileType = sourcecode.swift; path = NounViewModel.swift; sourceTree = "<group>"; };
		DD06CC7826B918A0009FDCF2 /* NounTextManager.swift */ = {isa = PBXFileReference; lastKnownFileType = sourcecode.swift; path = NounTextManager.swift; sourceTree = "<group>"; };
		DD06CC7A26B9234D009FDCF2 /* NounViewTab.swift */ = {isa = PBXFileReference; lastKnownFileType = sourcecode.swift; path = NounViewTab.swift; sourceTree = "<group>"; };
		DD0C8D0226AFC326002807D9 /* en */ = {isa = PBXFileReference; lastKnownFileType = text.plist.strings; name = en; path = en.lproj/Localizable.strings; sourceTree = "<group>"; };
		DD0C8D0426AFC328002807D9 /* ru */ = {isa = PBXFileReference; lastKnownFileType = text.plist.strings; name = ru; path = ru.lproj/Localizable.strings; sourceTree = "<group>"; };
		DD0C8D0526AFC4DE002807D9 /* String+Extension.swift */ = {isa = PBXFileReference; lastKnownFileType = sourcecode.swift; path = "String+Extension.swift"; sourceTree = "<group>"; };
		DD0C8D0926AFE1D5002807D9 /* LocalizationKey.swift */ = {isa = PBXFileReference; lastKnownFileType = sourcecode.swift; path = LocalizationKey.swift; sourceTree = "<group>"; };
		DD0C8D0B26AFE208002807D9 /* LocalizationStringConvertible.swift */ = {isa = PBXFileReference; lastKnownFileType = sourcecode.swift; path = LocalizationStringConvertible.swift; sourceTree = "<group>"; };
		DD0C8D0D26AFF16B002807D9 /* LocalizationTests.swift */ = {isa = PBXFileReference; lastKnownFileType = sourcecode.swift; name = LocalizationTests.swift; path = SnorrifyTests/LocalizationTests.swift; sourceTree = SOURCE_ROOT; };
		DD0C8D1326AFF2C6002807D9 /* SnorrifyTests.xctest */ = {isa = PBXFileReference; explicitFileType = wrapper.cfbundle; includeInIndex = 0; path = SnorrifyTests.xctest; sourceTree = BUILT_PRODUCTS_DIR; };
		DD0C8D1526AFF2C6002807D9 /* SnorrifyTests.swift */ = {isa = PBXFileReference; lastKnownFileType = sourcecode.swift; path = SnorrifyTests.swift; sourceTree = "<group>"; };
		DD0C8D1726AFF2C6002807D9 /* Info.plist */ = {isa = PBXFileReference; lastKnownFileType = text.plist.xml; path = Info.plist; sourceTree = "<group>"; };
		DD11226D26B405C500D55671 /* WordClass.swift */ = {isa = PBXFileReference; lastKnownFileType = sourcecode.swift; path = WordClass.swift; sourceTree = "<group>"; };
		DD11227026B40AFD00D55671 /* ResponseTests.swift */ = {isa = PBXFileReference; lastKnownFileType = sourcecode.swift; path = ResponseTests.swift; sourceTree = "<group>"; };
		DD11227226B4139400D55671 /* Gender.swift */ = {isa = PBXFileReference; lastKnownFileType = sourcecode.swift; path = Gender.swift; sourceTree = "<group>"; };
		DD11227426B41C5E00D55671 /* InflectionalForm.swift */ = {isa = PBXFileReference; lastKnownFileType = sourcecode.swift; path = InflectionalForm.swift; sourceTree = "<group>"; };
		DD11227626B41FB100D55671 /* Number.swift */ = {isa = PBXFileReference; lastKnownFileType = sourcecode.swift; path = Number.swift; sourceTree = "<group>"; };
		DD11227A26B4203300D55671 /* ModelTests.swift */ = {isa = PBXFileReference; lastKnownFileType = sourcecode.swift; path = ModelTests.swift; sourceTree = "<group>"; };
		DD11227C26B4217100D55671 /* GrammarCase.swift */ = {isa = PBXFileReference; lastKnownFileType = sourcecode.swift; path = GrammarCase.swift; sourceTree = "<group>"; };
		DD11227E26B4288500D55671 /* DefiniteArticle.swift */ = {isa = PBXFileReference; lastKnownFileType = sourcecode.swift; path = DefiniteArticle.swift; sourceTree = "<group>"; };
		DD11228026B42BA600D55671 /* AdjectiveDegree.swift */ = {isa = PBXFileReference; lastKnownFileType = sourcecode.swift; path = AdjectiveDegree.swift; sourceTree = "<group>"; };
		DD11228226B42E9700D55671 /* Conjugation.swift */ = {isa = PBXFileReference; lastKnownFileType = sourcecode.swift; path = Conjugation.swift; sourceTree = "<group>"; };
		DD11228426B4336B00D55671 /* Tense.swift */ = {isa = PBXFileReference; lastKnownFileType = sourcecode.swift; path = Tense.swift; sourceTree = "<group>"; };
		DD11228626B4364100D55671 /* VerbVoice.swift */ = {isa = PBXFileReference; lastKnownFileType = sourcecode.swift; path = VerbVoice.swift; sourceTree = "<group>"; };
		DD11228826B4396100D55671 /* VerbMood.swift */ = {isa = PBXFileReference; lastKnownFileType = sourcecode.swift; path = VerbMood.swift; sourceTree = "<group>"; };
		DD11228A26B43AFB00D55671 /* Person.swift */ = {isa = PBXFileReference; lastKnownFileType = sourcecode.swift; path = Person.swift; sourceTree = "<group>"; };
		DD11228C26B43B1D00D55671 /* GrammarEnum.swift */ = {isa = PBXFileReference; lastKnownFileType = sourcecode.swift; path = GrammarEnum.swift; sourceTree = "<group>"; };
		DD11228E26B4455600D55671 /* SearchItemFormResponse.swift */ = {isa = PBXFileReference; lastKnownFileType = sourcecode.swift; path = SearchItemFormResponse.swift; sourceTree = "<group>"; };
		DD11229026B44F5600D55671 /* UIApplication+Extension.swift */ = {isa = PBXFileReference; lastKnownFileType = sourcecode.swift; path = "UIApplication+Extension.swift"; sourceTree = "<group>"; };
		DD1C5FDE26B3F1BD00E0A11C /* SearchItemResponse.swift */ = {isa = PBXFileReference; lastKnownFileType = sourcecode.swift; path = SearchItemResponse.swift; sourceTree = "<group>"; };
		DD1C5FE426B3F1E500E0A11C /* TypeAliases.swift */ = {isa = PBXFileReference; lastKnownFileType = sourcecode.swift; path = TypeAliases.swift; sourceTree = "<group>"; };
		DD6D29F126B1BA2200E73C93 /* SearchViewModel.swift */ = {isa = PBXFileReference; lastKnownFileType = sourcecode.swift; path = SearchViewModel.swift; sourceTree = "<group>"; };
		DD6D29F526B1BA3100E73C93 /* SearchModel.swift */ = {isa = PBXFileReference; lastKnownFileType = sourcecode.swift; path = SearchModel.swift; sourceTree = "<group>"; };
		DD6D29F726B1BA3800E73C93 /* SearchViewState.swift */ = {isa = PBXFileReference; lastKnownFileType = sourcecode.swift; path = SearchViewState.swift; sourceTree = "<group>"; };
		DD6D2A0726B26E3300E73C93 /* SearchTextManager.swift */ = {isa = PBXFileReference; lastKnownFileType = sourcecode.swift; path = SearchTextManager.swift; sourceTree = "<group>"; };
		DD6D2A0A26B2A63000E73C93 /* SearchBarView.swift */ = {isa = PBXFileReference; lastKnownFileType = sourcecode.swift; path = SearchBarView.swift; sourceTree = "<group>"; };
		DD6D2A0C26B2A63800E73C93 /* SearchBarViewDelegate.swift */ = {isa = PBXFileReference; lastKnownFileType = sourcecode.swift; path = SearchBarViewDelegate.swift; sourceTree = "<group>"; };
		DD79A8FA26B6D4E4002593F7 /* NetworkError+Extension.swift */ = {isa = PBXFileReference; lastKnownFileType = sourcecode.swift; path = "NetworkError+Extension.swift"; sourceTree = "<group>"; };
		DD975C7926ADCF69000190BB /* SFUIKit.xcodeproj */ = {isa = PBXFileReference; lastKnownFileType = "wrapper.pb-project"; path = SFUIKit.xcodeproj; sourceTree = "<group>"; };
		DDB2760626AA024E0017D416 /* SFNetKit.xcodeproj */ = {isa = PBXFileReference; lastKnownFileType = "wrapper.pb-project"; path = SFNetKit.xcodeproj; sourceTree = "<group>"; };
		DDC2CA3C26A9FFEC009FF016 /* Snorrify.app */ = {isa = PBXFileReference; explicitFileType = wrapper.application; includeInIndex = 0; path = Snorrify.app; sourceTree = BUILT_PRODUCTS_DIR; };
		DDC2CA3F26A9FFEC009FF016 /* SnorrifyApp.swift */ = {isa = PBXFileReference; lastKnownFileType = sourcecode.swift; path = SnorrifyApp.swift; sourceTree = "<group>"; };
		DDC2CA4126A9FFEC009FF016 /* MainView.swift */ = {isa = PBXFileReference; lastKnownFileType = sourcecode.swift; path = MainView.swift; sourceTree = "<group>"; };
		DDC2CA4326A9FFED009FF016 /* Assets.xcassets */ = {isa = PBXFileReference; lastKnownFileType = folder.assetcatalog; path = Assets.xcassets; sourceTree = "<group>"; };
		DDC2CA4626A9FFED009FF016 /* Preview Assets.xcassets */ = {isa = PBXFileReference; lastKnownFileType = folder.assetcatalog; path = "Preview Assets.xcassets"; sourceTree = "<group>"; };
		DDC2CA4826A9FFED009FF016 /* Info.plist */ = {isa = PBXFileReference; lastKnownFileType = text.plist.xml; path = Info.plist; sourceTree = "<group>"; };
		DDCA906026B452B90019CCD9 /* ResultsView.swift */ = {isa = PBXFileReference; lastKnownFileType = sourcecode.swift; path = ResultsView.swift; sourceTree = "<group>"; };
		DDCA906626B452C30019CCD9 /* ResultsViewModel.swift */ = {isa = PBXFileReference; lastKnownFileType = sourcecode.swift; path = ResultsViewModel.swift; sourceTree = "<group>"; };
		DDCA906826B452CA0019CCD9 /* ResultsModel.swift */ = {isa = PBXFileReference; lastKnownFileType = sourcecode.swift; path = ResultsModel.swift; sourceTree = "<group>"; };
		DDCA906B26B452E50019CCD9 /* ResultsTextManager.swift */ = {isa = PBXFileReference; lastKnownFileType = sourcecode.swift; path = ResultsTextManager.swift; sourceTree = "<group>"; };
		DDCA906D26B456FF0019CCD9 /* ResultsViewState.swift */ = {isa = PBXFileReference; lastKnownFileType = sourcecode.swift; path = ResultsViewState.swift; sourceTree = "<group>"; };
		DDCF6A6C26B9748100145C31 /* VerbView.swift */ = {isa = PBXFileReference; lastKnownFileType = sourcecode.swift; path = VerbView.swift; sourceTree = "<group>"; };
		DDCF6A7126B9749A00145C31 /* VerbViewModel.swift */ = {isa = PBXFileReference; lastKnownFileType = sourcecode.swift; path = VerbViewModel.swift; sourceTree = "<group>"; };
		DDCF6A7326B9749F00145C31 /* VerbTextManager.swift */ = {isa = PBXFileReference; lastKnownFileType = sourcecode.swift; path = VerbTextManager.swift; sourceTree = "<group>"; };
		DDCF6A7526B974F000145C31 /* VerbViewCategory.swift */ = {isa = PBXFileReference; lastKnownFileType = sourcecode.swift; path = VerbViewCategory.swift; sourceTree = "<group>"; };
		DDCF6A7726B97EC100145C31 /* VerbModel.swift */ = {isa = PBXFileReference; lastKnownFileType = sourcecode.swift; path = VerbModel.swift; sourceTree = "<group>"; };
		DDDAA9C526B1425C0036D43A /* MainTextManager.swift */ = {isa = PBXFileReference; lastKnownFileType = sourcecode.swift; path = MainTextManager.swift; sourceTree = "<group>"; };
		DDDAA9C726B142620036D43A /* MainViewModel.swift */ = {isa = PBXFileReference; lastKnownFileType = sourcecode.swift; path = MainViewModel.swift; sourceTree = "<group>"; };
		DDDAA9CB26B142A30036D43A /* MainViewTab.swift */ = {isa = PBXFileReference; lastKnownFileType = sourcecode.swift; path = MainViewTab.swift; sourceTree = "<group>"; };
		DDDAA9DE26B14B6E0036D43A /* AppConfiguration.swift */ = {isa = PBXFileReference; lastKnownFileType = sourcecode.swift; path = AppConfiguration.swift; sourceTree = "<group>"; };
		DDDAA9EC26B18EBA0036D43A /* MainModel.swift */ = {isa = PBXFileReference; lastKnownFileType = sourcecode.swift; path = MainModel.swift; sourceTree = "<group>"; };
		DDDAA9EE26B192710036D43A /* SearchView.swift */ = {isa = PBXFileReference; lastKnownFileType = sourcecode.swift; path = SearchView.swift; sourceTree = "<group>"; };
		DDDAA9F026B192880036D43A /* FavoritesView.swift */ = {isa = PBXFileReference; lastKnownFileType = sourcecode.swift; path = FavoritesView.swift; sourceTree = "<group>"; };
		DDDAA9F226B1928C0036D43A /* SettingsView.swift */ = {isa = PBXFileReference; lastKnownFileType = sourcecode.swift; path = SettingsView.swift; sourceTree = "<group>"; };
/* End PBXFileReference section */

/* Begin PBXFrameworksBuildPhase section */
		DD0C8D1026AFF2C6002807D9 /* Frameworks */ = {
			isa = PBXFrameworksBuildPhase;
			buildActionMask = 2147483647;
			files = (
			);
			runOnlyForDeploymentPostprocessing = 0;
		};
		DDC2CA3926A9FFEC009FF016 /* Frameworks */ = {
			isa = PBXFrameworksBuildPhase;
			buildActionMask = 2147483647;
			files = (
				DDDAA9E826B18D760036D43A /* SFUIKit.framework in Frameworks */,
				DDB2761526AA06B60017D416 /* SFNetKit.framework in Frameworks */,
			);
			runOnlyForDeploymentPostprocessing = 0;
		};
/* End PBXFrameworksBuildPhase section */

/* Begin PBXGroup section */
		DD06CC7526B91883009FDCF2 /* Noun */ = {
			isa = PBXGroup;
			children = (
				DD06CC6E26B91439009FDCF2 /* NounView.swift */,
				DD06CC7A26B9234D009FDCF2 /* NounViewTab.swift */,
				DD06CC7626B9188A009FDCF2 /* NounViewModel.swift */,
				DD06CC7826B918A0009FDCF2 /* NounTextManager.swift */,
			);
			path = Noun;
			sourceTree = "<group>";
		};
		DD0C8CFE26AFC2D1002807D9 /* Resources */ = {
			isa = PBXGroup;
			children = (
				DDC2CA4326A9FFED009FF016 /* Assets.xcassets */,
				DD6D2A0026B1BADB00E73C93 /* Localization */,
				DD6D29FE26B1BAAE00E73C93 /* Protocols */,
				DD6D29FF26B1BAB800E73C93 /* Extensions */,
				DD1C5FE726B3F20D00E0A11C /* Responses */,
				DD1C5FE626B3F1F500E0A11C /* TypeAliases */,
				DD11226F26B405C900D55671 /* Entities */,
			);
			path = Resources;
			sourceTree = "<group>";
		};
		DD0C8D1426AFF2C6002807D9 /* SnorrifyTests */ = {
			isa = PBXGroup;
			children = (
				DD0C8D1526AFF2C6002807D9 /* SnorrifyTests.swift */,
				DD0C8D0D26AFF16B002807D9 /* LocalizationTests.swift */,
				DD11227026B40AFD00D55671 /* ResponseTests.swift */,
				DD11227A26B4203300D55671 /* ModelTests.swift */,
				DD0C8D1726AFF2C6002807D9 /* Info.plist */,
			);
			path = SnorrifyTests;
			sourceTree = "<group>";
		};
		DD11226F26B405C900D55671 /* Entities */ = {
			isa = PBXGroup;
			children = (
				DD11227426B41C5E00D55671 /* InflectionalForm.swift */,
				DD11226D26B405C500D55671 /* WordClass.swift */,
				DD11227226B4139400D55671 /* Gender.swift */,
				DD11227626B41FB100D55671 /* Number.swift */,
				DD11227C26B4217100D55671 /* GrammarCase.swift */,
				DD11227E26B4288500D55671 /* DefiniteArticle.swift */,
				DD11228026B42BA600D55671 /* AdjectiveDegree.swift */,
				DD11228226B42E9700D55671 /* Conjugation.swift */,
				DD11228426B4336B00D55671 /* Tense.swift */,
				DD11228626B4364100D55671 /* VerbVoice.swift */,
				DD11228826B4396100D55671 /* VerbMood.swift */,
				DD11228A26B43AFB00D55671 /* Person.swift */,
			);
			path = Entities;
			sourceTree = "<group>";
		};
		DD1C5FE626B3F1F500E0A11C /* TypeAliases */ = {
			isa = PBXGroup;
			children = (
				DD1C5FE426B3F1E500E0A11C /* TypeAliases.swift */,
			);
			path = TypeAliases;
			sourceTree = "<group>";
		};
		DD1C5FE726B3F20D00E0A11C /* Responses */ = {
			isa = PBXGroup;
			children = (
				DD1C5FDE26B3F1BD00E0A11C /* SearchItemResponse.swift */,
				DD11228E26B4455600D55671 /* SearchItemFormResponse.swift */,
			);
			path = Responses;
			sourceTree = "<group>";
		};
		DD6D29E426B1B9A100E73C93 /* Search */ = {
			isa = PBXGroup;
			children = (
				DD6D29F926B1BA5000E73C93 /* View */,
				DD6D2A0926B26E4900E73C93 /* TextManager */,
				DD6D29FA26B1BA5600E73C93 /* ViewModel */,
				DD6D29FB26B1BA5D00E73C93 /* Model */,
			);
			path = Search;
			sourceTree = "<group>";
		};
		DD6D29E926B1B9A700E73C93 /* Favorites */ = {
			isa = PBXGroup;
			children = (
				DDDAA9F026B192880036D43A /* FavoritesView.swift */,
			);
			path = Favorites;
			sourceTree = "<group>";
		};
		DD6D29EA26B1B9AF00E73C93 /* Settings */ = {
			isa = PBXGroup;
			children = (
				DDDAA9F226B1928C0036D43A /* SettingsView.swift */,
			);
			path = Settings;
			sourceTree = "<group>";
		};
		DD6D29EB26B1B9F300E73C93 /* ViewModel */ = {
			isa = PBXGroup;
			children = (
				DDDAA9C726B142620036D43A /* MainViewModel.swift */,
			);
			path = ViewModel;
			sourceTree = "<group>";
		};
		DD6D29EC26B1B9F900E73C93 /* Model */ = {
			isa = PBXGroup;
			children = (
				DDDAA9EC26B18EBA0036D43A /* MainModel.swift */,
			);
			path = Model;
			sourceTree = "<group>";
		};
		DD6D29ED26B1B9FF00E73C93 /* TextManager */ = {
			isa = PBXGroup;
			children = (
				DDDAA9C526B1425C0036D43A /* MainTextManager.swift */,
			);
			path = TextManager;
			sourceTree = "<group>";
		};
		DD6D29EE26B1BA0600E73C93 /* View */ = {
			isa = PBXGroup;
			children = (
				DDC2CA4126A9FFEC009FF016 /* MainView.swift */,
				DDDAA9CB26B142A30036D43A /* MainViewTab.swift */,
			);
			path = View;
			sourceTree = "<group>";
		};
		DD6D29F926B1BA5000E73C93 /* View */ = {
			isa = PBXGroup;
			children = (
				DDDAA9EE26B192710036D43A /* SearchView.swift */,
				DD6D29F726B1BA3800E73C93 /* SearchViewState.swift */,
				DD6D2A0E26B2A63C00E73C93 /* SearchBar */,
			);
			path = View;
			sourceTree = "<group>";
		};
		DD6D29FA26B1BA5600E73C93 /* ViewModel */ = {
			isa = PBXGroup;
			children = (
				DD6D29F126B1BA2200E73C93 /* SearchViewModel.swift */,
			);
			path = ViewModel;
			sourceTree = "<group>";
		};
		DD6D29FB26B1BA5D00E73C93 /* Model */ = {
			isa = PBXGroup;
			children = (
				DD6D29F526B1BA3100E73C93 /* SearchModel.swift */,
			);
			path = Model;
			sourceTree = "<group>";
		};
		DD6D29FE26B1BAAE00E73C93 /* Protocols */ = {
			isa = PBXGroup;
			children = (
				DD11228C26B43B1D00D55671 /* GrammarEnum.swift */,
			);
			path = Protocols;
			sourceTree = "<group>";
		};
		DD6D29FF26B1BAB800E73C93 /* Extensions */ = {
			isa = PBXGroup;
			children = (
				DD0C8D0526AFC4DE002807D9 /* String+Extension.swift */,
				DD11229026B44F5600D55671 /* UIApplication+Extension.swift */,
				DD79A8FA26B6D4E4002593F7 /* NetworkError+Extension.swift */,
			);
			path = Extensions;
			sourceTree = "<group>";
		};
		DD6D2A0026B1BADB00E73C93 /* Localization */ = {
			isa = PBXGroup;
			children = (
				DD0C8D0326AFC326002807D9 /* Localizable.strings */,
				DD0C8D0926AFE1D5002807D9 /* LocalizationKey.swift */,
				DD0C8D0B26AFE208002807D9 /* LocalizationStringConvertible.swift */,
			);
			path = Localization;
			sourceTree = "<group>";
		};
		DD6D2A0926B26E4900E73C93 /* TextManager */ = {
			isa = PBXGroup;
			children = (
				DD6D2A0726B26E3300E73C93 /* SearchTextManager.swift */,
			);
			path = TextManager;
			sourceTree = "<group>";
		};
		DD6D2A0E26B2A63C00E73C93 /* SearchBar */ = {
			isa = PBXGroup;
			children = (
				DD6D2A0A26B2A63000E73C93 /* SearchBarView.swift */,
				DD6D2A0C26B2A63800E73C93 /* SearchBarViewDelegate.swift */,
			);
			path = SearchBar;
			sourceTree = "<group>";
		};
		DD975C7826ADCF69000190BB /* SFUIKit */ = {
			isa = PBXGroup;
			children = (
				DD975C7926ADCF69000190BB /* SFUIKit.xcodeproj */,
			);
			path = SFUIKit;
			sourceTree = "<group>";
		};
		DD975C7A26ADCF69000190BB /* Products */ = {
			isa = PBXGroup;
			children = (
				DD975C8226ADCF69000190BB /* SFUIKit.framework */,
				DDDAA9E226B14B6F0036D43A /* SFUIKitTests.xctest */,
			);
			name = Products;
			sourceTree = "<group>";
		};
		DDB2760726AA024E0017D416 /* Products */ = {
			isa = PBXGroup;
			children = (
				DDB2760C26AA024E0017D416 /* SFNetKit.framework */,
				DDB2760E26AA024E0017D416 /* SFNetKitTests.xctest */,
			);
			name = Products;
			sourceTree = "<group>";
		};
		DDC0171A26AA01170048A949 /* Frameworks */ = {
			isa = PBXGroup;
			children = (
				DD975C7826ADCF69000190BB /* SFUIKit */,
				DDC0171B26AA01170048A949 /* SFNetKit */,
			);
			path = Frameworks;
			sourceTree = "<group>";
		};
		DDC0171B26AA01170048A949 /* SFNetKit */ = {
			isa = PBXGroup;
			children = (
				DDB2760626AA024E0017D416 /* SFNetKit.xcodeproj */,
			);
			path = SFNetKit;
			sourceTree = "<group>";
		};
		DDC2CA3326A9FFEC009FF016 = {
			isa = PBXGroup;
			children = (
				DDC2CA3E26A9FFEC009FF016 /* Snorrify */,
				DD0C8D1426AFF2C6002807D9 /* SnorrifyTests */,
				DDC0171A26AA01170048A949 /* Frameworks */,
				DDC2CA3D26A9FFEC009FF016 /* Products */,
			);
			sourceTree = "<group>";
		};
		DDC2CA3D26A9FFEC009FF016 /* Products */ = {
			isa = PBXGroup;
			children = (
				DDC2CA3C26A9FFEC009FF016 /* Snorrify.app */,
				DD0C8D1326AFF2C6002807D9 /* SnorrifyTests.xctest */,
			);
			name = Products;
			sourceTree = "<group>";
		};
		DDC2CA3E26A9FFEC009FF016 /* Snorrify */ = {
			isa = PBXGroup;
			children = (
				DDC2CA3F26A9FFEC009FF016 /* SnorrifyApp.swift */,
				DDDAA9E526B14B940036D43A /* Configuration */,
				DDC2CA4826A9FFED009FF016 /* Info.plist */,
				DDDAA9C426B142190036D43A /* Modules */,
				DD0C8CFE26AFC2D1002807D9 /* Resources */,
				DDC2CA4526A9FFED009FF016 /* Preview Content */,
			);
			path = Snorrify;
			sourceTree = "<group>";
		};
		DDC2CA4526A9FFED009FF016 /* Preview Content */ = {
			isa = PBXGroup;
			children = (
				DDC2CA4626A9FFED009FF016 /* Preview Assets.xcassets */,
			);
			path = "Preview Content";
			sourceTree = "<group>";
		};
		DDCA906A26B452D50019CCD9 /* Results */ = {
			isa = PBXGroup;
			children = (
				DDCA906026B452B90019CCD9 /* ResultsView.swift */,
				DDCA906D26B456FF0019CCD9 /* ResultsViewState.swift */,
				DDCA906B26B452E50019CCD9 /* ResultsTextManager.swift */,
				DDCA906626B452C30019CCD9 /* ResultsViewModel.swift */,
				DDCA906826B452CA0019CCD9 /* ResultsModel.swift */,
			);
			path = Results;
			sourceTree = "<group>";
		};
		DDCF6A6E26B9748500145C31 /* Verb */ = {
			isa = PBXGroup;
			children = (
				DDCF6A6C26B9748100145C31 /* VerbView.swift */,
				DDCF6A7126B9749A00145C31 /* VerbViewModel.swift */,
				DDCF6A7526B974F000145C31 /* VerbViewCategory.swift */,
				DDCF6A7326B9749F00145C31 /* VerbTextManager.swift */,
				DDCF6A7726B97EC100145C31 /* VerbModel.swift */,
			);
			path = Verb;
			sourceTree = "<group>";
		};
		DDDAA9C326B142130036D43A /* Main */ = {
			isa = PBXGroup;
			children = (
				DD6D29EE26B1BA0600E73C93 /* View */,
				DD6D29ED26B1B9FF00E73C93 /* TextManager */,
				DD6D29EB26B1B9F300E73C93 /* ViewModel */,
				DD6D29EC26B1B9F900E73C93 /* Model */,
			);
			path = Main;
			sourceTree = "<group>";
		};
		DDDAA9C426B142190036D43A /* Modules */ = {
			isa = PBXGroup;
			children = (
				DDDAA9C326B142130036D43A /* Main */,
				DD6D29E426B1B9A100E73C93 /* Search */,
				DD6D29E926B1B9A700E73C93 /* Favorites */,
				DD6D29EA26B1B9AF00E73C93 /* Settings */,
				DDCA906A26B452D50019CCD9 /* Results */,
				DD06CC7526B91883009FDCF2 /* Noun */,
				DDCF6A6E26B9748500145C31 /* Verb */,
			);
			path = Modules;
			sourceTree = "<group>";
		};
		DDDAA9E526B14B940036D43A /* Configuration */ = {
			isa = PBXGroup;
			children = (
				DDDAA9DE26B14B6E0036D43A /* AppConfiguration.swift */,
			);
			path = Configuration;
			sourceTree = "<group>";
		};
/* End PBXGroup section */

/* Begin PBXNativeTarget section */
		DD0C8D1226AFF2C6002807D9 /* SnorrifyTests */ = {
			isa = PBXNativeTarget;
			buildConfigurationList = DD0C8D1A26AFF2C6002807D9 /* Build configuration list for PBXNativeTarget "SnorrifyTests" */;
			buildPhases = (
				DD0C8D0F26AFF2C6002807D9 /* Sources */,
				DD0C8D1026AFF2C6002807D9 /* Frameworks */,
				DD0C8D1126AFF2C6002807D9 /* Resources */,
			);
			buildRules = (
			);
			dependencies = (
				DD0C8D1926AFF2C6002807D9 /* PBXTargetDependency */,
			);
			name = SnorrifyTests;
			productName = SnorrifyTests;
			productReference = DD0C8D1326AFF2C6002807D9 /* SnorrifyTests.xctest */;
			productType = "com.apple.product-type.bundle.unit-test";
		};
		DDC2CA3B26A9FFEC009FF016 /* Snorrify */ = {
			isa = PBXNativeTarget;
			buildConfigurationList = DDC2CA4B26A9FFED009FF016 /* Build configuration list for PBXNativeTarget "Snorrify" */;
			buildPhases = (
				DDC2CA3826A9FFEC009FF016 /* Sources */,
				DDC2CA3926A9FFEC009FF016 /* Frameworks */,
				DDC2CA3A26A9FFEC009FF016 /* Resources */,
				DDB2761726AA06B60017D416 /* Embed Frameworks */,
			);
			buildRules = (
			);
			dependencies = (
			);
			name = Snorrify;
			productName = Snorrify;
			productReference = DDC2CA3C26A9FFEC009FF016 /* Snorrify.app */;
			productType = "com.apple.product-type.application";
		};
/* End PBXNativeTarget section */

/* Begin PBXProject section */
		DDC2CA3426A9FFEC009FF016 /* Project object */ = {
			isa = PBXProject;
			attributes = {
				LastSwiftUpdateCheck = 1250;
				LastUpgradeCheck = 1250;
				ORGANIZATIONNAME = "Ivan Shokurov";
				TargetAttributes = {
					DD0C8D1226AFF2C6002807D9 = {
						CreatedOnToolsVersion = 12.5;
						TestTargetID = DDC2CA3B26A9FFEC009FF016;
					};
					DDC2CA3B26A9FFEC009FF016 = {
						CreatedOnToolsVersion = 12.5;
					};
				};
			};
			buildConfigurationList = DDC2CA3726A9FFEC009FF016 /* Build configuration list for PBXProject "Snorrify" */;
			compatibilityVersion = "Xcode 9.3";
			developmentRegion = en;
			hasScannedForEncodings = 0;
			knownRegions = (
				en,
				ru,
			);
			mainGroup = DDC2CA3326A9FFEC009FF016;
			productRefGroup = DDC2CA3D26A9FFEC009FF016 /* Products */;
			projectDirPath = "";
			projectReferences = (
				{
					ProductGroup = DDB2760726AA024E0017D416 /* Products */;
					ProjectRef = DDB2760626AA024E0017D416 /* SFNetKit.xcodeproj */;
				},
				{
					ProductGroup = DD975C7A26ADCF69000190BB /* Products */;
					ProjectRef = DD975C7926ADCF69000190BB /* SFUIKit.xcodeproj */;
				},
			);
			projectRoot = "";
			targets = (
				DDC2CA3B26A9FFEC009FF016 /* Snorrify */,
				DD0C8D1226AFF2C6002807D9 /* SnorrifyTests */,
			);
		};
/* End PBXProject section */

/* Begin PBXReferenceProxy section */
		DD975C8226ADCF69000190BB /* SFUIKit.framework */ = {
			isa = PBXReferenceProxy;
			fileType = wrapper.framework;
			path = SFUIKit.framework;
			remoteRef = DD975C8126ADCF69000190BB /* PBXContainerItemProxy */;
			sourceTree = BUILT_PRODUCTS_DIR;
		};
		DDB2760C26AA024E0017D416 /* SFNetKit.framework */ = {
			isa = PBXReferenceProxy;
			fileType = wrapper.framework;
			path = SFNetKit.framework;
			remoteRef = DDB2760B26AA024E0017D416 /* PBXContainerItemProxy */;
			sourceTree = BUILT_PRODUCTS_DIR;
		};
		DDB2760E26AA024E0017D416 /* SFNetKitTests.xctest */ = {
			isa = PBXReferenceProxy;
			fileType = wrapper.cfbundle;
			path = SFNetKitTests.xctest;
			remoteRef = DDB2760D26AA024E0017D416 /* PBXContainerItemProxy */;
			sourceTree = BUILT_PRODUCTS_DIR;
		};
		DDDAA9E226B14B6F0036D43A /* SFUIKitTests.xctest */ = {
			isa = PBXReferenceProxy;
			fileType = wrapper.cfbundle;
			path = SFUIKitTests.xctest;
			remoteRef = DDDAA9E126B14B6F0036D43A /* PBXContainerItemProxy */;
			sourceTree = BUILT_PRODUCTS_DIR;
		};
/* End PBXReferenceProxy section */

/* Begin PBXResourcesBuildPhase section */
		DD0C8D1126AFF2C6002807D9 /* Resources */ = {
			isa = PBXResourcesBuildPhase;
			buildActionMask = 2147483647;
			files = (
			);
			runOnlyForDeploymentPostprocessing = 0;
		};
		DDC2CA3A26A9FFEC009FF016 /* Resources */ = {
			isa = PBXResourcesBuildPhase;
			buildActionMask = 2147483647;
			files = (
				DD0C8D0126AFC326002807D9 /* Localizable.strings in Resources */,
				DDC2CA4726A9FFED009FF016 /* Preview Assets.xcassets in Resources */,
				DDC2CA4426A9FFED009FF016 /* Assets.xcassets in Resources */,
			);
			runOnlyForDeploymentPostprocessing = 0;
		};
/* End PBXResourcesBuildPhase section */

/* Begin PBXSourcesBuildPhase section */
		DD0C8D0F26AFF2C6002807D9 /* Sources */ = {
			isa = PBXSourcesBuildPhase;
			buildActionMask = 2147483647;
			files = (
				DD11227126B40AFD00D55671 /* ResponseTests.swift in Sources */,
				DD0C8D1D26AFF2CF002807D9 /* LocalizationTests.swift in Sources */,
				DD0C8D1626AFF2C6002807D9 /* SnorrifyTests.swift in Sources */,
				DD11227B26B4203300D55671 /* ModelTests.swift in Sources */,
			);
			runOnlyForDeploymentPostprocessing = 0;
		};
		DDC2CA3826A9FFEC009FF016 /* Sources */ = {
			isa = PBXSourcesBuildPhase;
			buildActionMask = 2147483647;
			files = (
				DDDAA9DF26B14B6E0036D43A /* AppConfiguration.swift in Sources */,
				DD11228D26B43B1D00D55671 /* GrammarEnum.swift in Sources */,
				DD1C5FE526B3F1E500E0A11C /* TypeAliases.swift in Sources */,
				DD6D29F226B1BA2200E73C93 /* SearchViewModel.swift in Sources */,
				DDCF6A6D26B9748100145C31 /* VerbView.swift in Sources */,
				DDDAA9ED26B18EBA0036D43A /* MainModel.swift in Sources */,
				DD0C8D0C26AFE208002807D9 /* LocalizationStringConvertible.swift in Sources */,
				DD11228B26B43AFB00D55671 /* Person.swift in Sources */,
				DD11227F26B4288500D55671 /* DefiniteArticle.swift in Sources */,
				DDDAA9CC26B142A30036D43A /* MainViewTab.swift in Sources */,
				DDDAA9F126B192880036D43A /* FavoritesView.swift in Sources */,
				DDCF6A7226B9749A00145C31 /* VerbViewModel.swift in Sources */,
				DD11227726B41FB100D55671 /* Number.swift in Sources */,
				DDCA906926B452CA0019CCD9 /* ResultsModel.swift in Sources */,
				DD11227D26B4217100D55671 /* GrammarCase.swift in Sources */,
				DD11228726B4364100D55671 /* VerbVoice.swift in Sources */,
				DD11227326B4139400D55671 /* Gender.swift in Sources */,
				DDCA906C26B452E50019CCD9 /* ResultsTextManager.swift in Sources */,
				DD0C8D0A26AFE1D5002807D9 /* LocalizationKey.swift in Sources */,
				DD11228326B42E9700D55671 /* Conjugation.swift in Sources */,
				DDCA906E26B456FF0019CCD9 /* ResultsViewState.swift in Sources */,
				DDC2CA4226A9FFEC009FF016 /* MainView.swift in Sources */,
				DDCF6A7426B9749F00145C31 /* VerbTextManager.swift in Sources */,
				DD0C8D0626AFC4DE002807D9 /* String+Extension.swift in Sources */,
				DD6D2A0B26B2A63000E73C93 /* SearchBarView.swift in Sources */,
				DD11227526B41C5E00D55671 /* InflectionalForm.swift in Sources */,
				DD06CC6F26B91439009FDCF2 /* NounView.swift in Sources */,
				DDDAA9F326B1928C0036D43A /* SettingsView.swift in Sources */,
				DDDAA9C626B1425C0036D43A /* MainTextManager.swift in Sources */,
				DD06CC7726B9188A009FDCF2 /* NounViewModel.swift in Sources */,
				DD6D29F626B1BA3100E73C93 /* SearchModel.swift in Sources */,
				DD11229126B44F5600D55671 /* UIApplication+Extension.swift in Sources */,
				DD11226E26B405C500D55671 /* WordClass.swift in Sources */,
				DD6D29F826B1BA3800E73C93 /* SearchViewState.swift in Sources */,
				DD11228526B4336B00D55671 /* Tense.swift in Sources */,
				DDCF6A7826B97EC100145C31 /* VerbModel.swift in Sources */,
				DDDAA9EF26B192710036D43A /* SearchView.swift in Sources */,
				DD11228926B4396100D55671 /* VerbMood.swift in Sources */,
				DD11228F26B4455600D55671 /* SearchItemFormResponse.swift in Sources */,
				DD06CC7926B918A0009FDCF2 /* NounTextManager.swift in Sources */,
				DD6D2A0826B26E3300E73C93 /* SearchTextManager.swift in Sources */,
				DDCA906126B452B90019CCD9 /* ResultsView.swift in Sources */,
				DDCF6A7626B974F000145C31 /* VerbViewCategory.swift in Sources */,
				DD79A8FB26B6D4E4002593F7 /* NetworkError+Extension.swift in Sources */,
				DD11228126B42BA600D55671 /* AdjectiveDegree.swift in Sources */,
				DDDAA9C826B142620036D43A /* MainViewModel.swift in Sources */,
				DDC2CA4026A9FFEC009FF016 /* SnorrifyApp.swift in Sources */,
				DD06CC7B26B9234D009FDCF2 /* NounViewTab.swift in Sources */,
				DD1C5FDF26B3F1BD00E0A11C /* SearchItemResponse.swift in Sources */,
				DDCA906726B452C30019CCD9 /* ResultsViewModel.swift in Sources */,
				DD6D2A0D26B2A63800E73C93 /* SearchBarViewDelegate.swift in Sources */,
			);
			runOnlyForDeploymentPostprocessing = 0;
		};
/* End PBXSourcesBuildPhase section */

/* Begin PBXTargetDependency section */
		DD0C8D1926AFF2C6002807D9 /* PBXTargetDependency */ = {
			isa = PBXTargetDependency;
			target = DDC2CA3B26A9FFEC009FF016 /* Snorrify */;
			targetProxy = DD0C8D1826AFF2C6002807D9 /* PBXContainerItemProxy */;
		};
/* End PBXTargetDependency section */

/* Begin PBXVariantGroup section */
		DD0C8D0326AFC326002807D9 /* Localizable.strings */ = {
			isa = PBXVariantGroup;
			children = (
				DD0C8D0226AFC326002807D9 /* en */,
				DD0C8D0426AFC328002807D9 /* ru */,
			);
			name = Localizable.strings;
			sourceTree = "<group>";
		};
/* End PBXVariantGroup section */

/* Begin XCBuildConfiguration section */
		DD0C8D1B26AFF2C6002807D9 /* Debug */ = {
			isa = XCBuildConfiguration;
			buildSettings = {
				BUNDLE_LOADER = "$(TEST_HOST)";
				CODE_SIGN_STYLE = Automatic;
				DEVELOPMENT_TEAM = QSL98J665M;
				INFOPLIST_FILE = SnorrifyTests/Info.plist;
				LD_RUNPATH_SEARCH_PATHS = (
					"$(inherited)",
					"@executable_path/Frameworks",
					"@loader_path/Frameworks",
				);
				PRODUCT_BUNDLE_IDENTIFIER = io.shokuroff.SnorrifyTests;
				PRODUCT_NAME = "$(TARGET_NAME)";
				SWIFT_VERSION = 5.0;
				TARGETED_DEVICE_FAMILY = "1,2";
				TEST_HOST = "$(BUILT_PRODUCTS_DIR)/Snorrify.app/Snorrify";
			};
			name = Debug;
		};
		DD0C8D1C26AFF2C6002807D9 /* Release */ = {
			isa = XCBuildConfiguration;
			buildSettings = {
				BUNDLE_LOADER = "$(TEST_HOST)";
				CODE_SIGN_STYLE = Automatic;
				DEVELOPMENT_TEAM = QSL98J665M;
				INFOPLIST_FILE = SnorrifyTests/Info.plist;
				LD_RUNPATH_SEARCH_PATHS = (
					"$(inherited)",
					"@executable_path/Frameworks",
					"@loader_path/Frameworks",
				);
				PRODUCT_BUNDLE_IDENTIFIER = io.shokuroff.SnorrifyTests;
				PRODUCT_NAME = "$(TARGET_NAME)";
				SWIFT_VERSION = 5.0;
				TARGETED_DEVICE_FAMILY = "1,2";
				TEST_HOST = "$(BUILT_PRODUCTS_DIR)/Snorrify.app/Snorrify";
			};
			name = Release;
		};
		DDC2CA4926A9FFED009FF016 /* Debug */ = {
			isa = XCBuildConfiguration;
			buildSettings = {
				ALWAYS_SEARCH_USER_PATHS = NO;
				CLANG_ANALYZER_NONNULL = YES;
				CLANG_ANALYZER_NUMBER_OBJECT_CONVERSION = YES_AGGRESSIVE;
				CLANG_CXX_LANGUAGE_STANDARD = "gnu++14";
				CLANG_CXX_LIBRARY = "libc++";
				CLANG_ENABLE_MODULES = YES;
				CLANG_ENABLE_OBJC_ARC = YES;
				CLANG_ENABLE_OBJC_WEAK = YES;
				CLANG_WARN_BLOCK_CAPTURE_AUTORELEASING = YES;
				CLANG_WARN_BOOL_CONVERSION = YES;
				CLANG_WARN_COMMA = YES;
				CLANG_WARN_CONSTANT_CONVERSION = YES;
				CLANG_WARN_DEPRECATED_OBJC_IMPLEMENTATIONS = YES;
				CLANG_WARN_DIRECT_OBJC_ISA_USAGE = YES_ERROR;
				CLANG_WARN_DOCUMENTATION_COMMENTS = YES;
				CLANG_WARN_EMPTY_BODY = YES;
				CLANG_WARN_ENUM_CONVERSION = YES;
				CLANG_WARN_INFINITE_RECURSION = YES;
				CLANG_WARN_INT_CONVERSION = YES;
				CLANG_WARN_NON_LITERAL_NULL_CONVERSION = YES;
				CLANG_WARN_OBJC_IMPLICIT_RETAIN_SELF = YES;
				CLANG_WARN_OBJC_LITERAL_CONVERSION = YES;
				CLANG_WARN_OBJC_ROOT_CLASS = YES_ERROR;
				CLANG_WARN_QUOTED_INCLUDE_IN_FRAMEWORK_HEADER = YES;
				CLANG_WARN_RANGE_LOOP_ANALYSIS = YES;
				CLANG_WARN_STRICT_PROTOTYPES = YES;
				CLANG_WARN_SUSPICIOUS_MOVE = YES;
				CLANG_WARN_UNGUARDED_AVAILABILITY = YES_AGGRESSIVE;
				CLANG_WARN_UNREACHABLE_CODE = YES;
				CLANG_WARN__DUPLICATE_METHOD_MATCH = YES;
				COPY_PHASE_STRIP = NO;
				DEBUG_INFORMATION_FORMAT = dwarf;
				ENABLE_STRICT_OBJC_MSGSEND = YES;
				ENABLE_TESTABILITY = YES;
				GCC_C_LANGUAGE_STANDARD = gnu11;
				GCC_DYNAMIC_NO_PIC = NO;
				GCC_NO_COMMON_BLOCKS = YES;
				GCC_OPTIMIZATION_LEVEL = 0;
				GCC_PREPROCESSOR_DEFINITIONS = (
					"DEBUG=1",
					"$(inherited)",
				);
				GCC_WARN_64_TO_32_BIT_CONVERSION = YES;
				GCC_WARN_ABOUT_RETURN_TYPE = YES_ERROR;
				GCC_WARN_UNDECLARED_SELECTOR = YES;
				GCC_WARN_UNINITIALIZED_AUTOS = YES_AGGRESSIVE;
				GCC_WARN_UNUSED_FUNCTION = YES;
				GCC_WARN_UNUSED_VARIABLE = YES;
				IPHONEOS_DEPLOYMENT_TARGET = 14.0;
				MTL_ENABLE_DEBUG_INFO = INCLUDE_SOURCE;
				MTL_FAST_MATH = YES;
				ONLY_ACTIVE_ARCH = YES;
				SDKROOT = iphoneos;
				SWIFT_ACTIVE_COMPILATION_CONDITIONS = DEBUG;
				SWIFT_OPTIMIZATION_LEVEL = "-Onone";
			};
			name = Debug;
		};
		DDC2CA4A26A9FFED009FF016 /* Release */ = {
			isa = XCBuildConfiguration;
			buildSettings = {
				ALWAYS_SEARCH_USER_PATHS = NO;
				CLANG_ANALYZER_NONNULL = YES;
				CLANG_ANALYZER_NUMBER_OBJECT_CONVERSION = YES_AGGRESSIVE;
				CLANG_CXX_LANGUAGE_STANDARD = "gnu++14";
				CLANG_CXX_LIBRARY = "libc++";
				CLANG_ENABLE_MODULES = YES;
				CLANG_ENABLE_OBJC_ARC = YES;
				CLANG_ENABLE_OBJC_WEAK = YES;
				CLANG_WARN_BLOCK_CAPTURE_AUTORELEASING = YES;
				CLANG_WARN_BOOL_CONVERSION = YES;
				CLANG_WARN_COMMA = YES;
				CLANG_WARN_CONSTANT_CONVERSION = YES;
				CLANG_WARN_DEPRECATED_OBJC_IMPLEMENTATIONS = YES;
				CLANG_WARN_DIRECT_OBJC_ISA_USAGE = YES_ERROR;
				CLANG_WARN_DOCUMENTATION_COMMENTS = YES;
				CLANG_WARN_EMPTY_BODY = YES;
				CLANG_WARN_ENUM_CONVERSION = YES;
				CLANG_WARN_INFINITE_RECURSION = YES;
				CLANG_WARN_INT_CONVERSION = YES;
				CLANG_WARN_NON_LITERAL_NULL_CONVERSION = YES;
				CLANG_WARN_OBJC_IMPLICIT_RETAIN_SELF = YES;
				CLANG_WARN_OBJC_LITERAL_CONVERSION = YES;
				CLANG_WARN_OBJC_ROOT_CLASS = YES_ERROR;
				CLANG_WARN_QUOTED_INCLUDE_IN_FRAMEWORK_HEADER = YES;
				CLANG_WARN_RANGE_LOOP_ANALYSIS = YES;
				CLANG_WARN_STRICT_PROTOTYPES = YES;
				CLANG_WARN_SUSPICIOUS_MOVE = YES;
				CLANG_WARN_UNGUARDED_AVAILABILITY = YES_AGGRESSIVE;
				CLANG_WARN_UNREACHABLE_CODE = YES;
				CLANG_WARN__DUPLICATE_METHOD_MATCH = YES;
				COPY_PHASE_STRIP = NO;
				DEBUG_INFORMATION_FORMAT = "dwarf-with-dsym";
				ENABLE_NS_ASSERTIONS = NO;
				ENABLE_STRICT_OBJC_MSGSEND = YES;
				GCC_C_LANGUAGE_STANDARD = gnu11;
				GCC_NO_COMMON_BLOCKS = YES;
				GCC_WARN_64_TO_32_BIT_CONVERSION = YES;
				GCC_WARN_ABOUT_RETURN_TYPE = YES_ERROR;
				GCC_WARN_UNDECLARED_SELECTOR = YES;
				GCC_WARN_UNINITIALIZED_AUTOS = YES_AGGRESSIVE;
				GCC_WARN_UNUSED_FUNCTION = YES;
				GCC_WARN_UNUSED_VARIABLE = YES;
				IPHONEOS_DEPLOYMENT_TARGET = 14.0;
				MTL_ENABLE_DEBUG_INFO = NO;
				MTL_FAST_MATH = YES;
				SDKROOT = iphoneos;
				SWIFT_COMPILATION_MODE = wholemodule;
				SWIFT_OPTIMIZATION_LEVEL = "-O";
				VALIDATE_PRODUCT = YES;
			};
			name = Release;
		};
		DDC2CA4C26A9FFED009FF016 /* Debug */ = {
			isa = XCBuildConfiguration;
			buildSettings = {
				ASSETCATALOG_COMPILER_APPICON_NAME = AppIcon;
				ASSETCATALOG_COMPILER_GLOBAL_ACCENT_COLOR_NAME = AccentColor;
				CODE_SIGN_STYLE = Automatic;
				DEVELOPMENT_ASSET_PATHS = "\"Snorrify/Preview Content\"";
				DEVELOPMENT_TEAM = QSL98J665M;
				ENABLE_PREVIEWS = YES;
				INFOPLIST_FILE = Snorrify/Info.plist;
				IPHONEOS_DEPLOYMENT_TARGET = 14.0;
				LD_RUNPATH_SEARCH_PATHS = (
					"$(inherited)",
					"@executable_path/Frameworks",
				);
				PRODUCT_BUNDLE_IDENTIFIER = io.shokuroff.Snorrify;
				PRODUCT_NAME = "$(TARGET_NAME)";
				SWIFT_VERSION = 5.0;
				TARGETED_DEVICE_FAMILY = "1,2";
			};
			name = Debug;
		};
		DDC2CA4D26A9FFED009FF016 /* Release */ = {
			isa = XCBuildConfiguration;
			buildSettings = {
				ASSETCATALOG_COMPILER_APPICON_NAME = AppIcon;
				ASSETCATALOG_COMPILER_GLOBAL_ACCENT_COLOR_NAME = AccentColor;
				CODE_SIGN_STYLE = Automatic;
				DEVELOPMENT_ASSET_PATHS = "\"Snorrify/Preview Content\"";
				DEVELOPMENT_TEAM = QSL98J665M;
				ENABLE_PREVIEWS = YES;
				INFOPLIST_FILE = Snorrify/Info.plist;
				IPHONEOS_DEPLOYMENT_TARGET = 14.0;
				LD_RUNPATH_SEARCH_PATHS = (
					"$(inherited)",
					"@executable_path/Frameworks",
				);
				PRODUCT_BUNDLE_IDENTIFIER = io.shokuroff.Snorrify;
				PRODUCT_NAME = "$(TARGET_NAME)";
				SWIFT_VERSION = 5.0;
				TARGETED_DEVICE_FAMILY = "1,2";
			};
			name = Release;
		};
/* End XCBuildConfiguration section */

/* Begin XCConfigurationList section */
		DD0C8D1A26AFF2C6002807D9 /* Build configuration list for PBXNativeTarget "SnorrifyTests" */ = {
			isa = XCConfigurationList;
			buildConfigurations = (
				DD0C8D1B26AFF2C6002807D9 /* Debug */,
				DD0C8D1C26AFF2C6002807D9 /* Release */,
			);
			defaultConfigurationIsVisible = 0;
			defaultConfigurationName = Release;
		};
		DDC2CA3726A9FFEC009FF016 /* Build configuration list for PBXProject "Snorrify" */ = {
			isa = XCConfigurationList;
			buildConfigurations = (
				DDC2CA4926A9FFED009FF016 /* Debug */,
				DDC2CA4A26A9FFED009FF016 /* Release */,
			);
			defaultConfigurationIsVisible = 0;
			defaultConfigurationName = Release;
		};
		DDC2CA4B26A9FFED009FF016 /* Build configuration list for PBXNativeTarget "Snorrify" */ = {
			isa = XCConfigurationList;
			buildConfigurations = (
				DDC2CA4C26A9FFED009FF016 /* Debug */,
				DDC2CA4D26A9FFED009FF016 /* Release */,
			);
			defaultConfigurationIsVisible = 0;
			defaultConfigurationName = Release;
		};
/* End XCConfigurationList section */
	};
	rootObject = DDC2CA3426A9FFEC009FF016 /* Project object */;
}
